<?xml version="1.0" encoding="utf-8"?>
<Project ToolsVersion="4.0" xmlns="http://schemas.microsoft.com/developer/msbuild/2003">
  <ItemGroup>
    <Filter Include="Source"><UniqueIdentifier>{1a000000-0000-0000-0000-000000000001}</UniqueIdentifier></Filter>
    <Filter Include="Source\Core"><UniqueIdentifier>{1a000000-0000-0000-0000-000000000002}</UniqueIdentifier></Filter>
    <Filter Include="Source\Disasm"><UniqueIdentifier>{1a000000-0000-0000-0000-000000000003}</UniqueIdentifier></Filter>
    <Filter Include="Source\Tabs"><UniqueIdentifier>{1a000000-0000-0000-0000-000000000004}</UniqueIdentifier></Filter>
    <Filter Include="Headers"><UniqueIdentifier>{1a000000-0000-0000-0000-000000000005}</UniqueIdentifier></Filter>
    <Filter Include="Headers\Core"><UniqueIdentifier>{1a000000-0000-0000-0000-000000000006}</UniqueIdentifier></Filter>
    <Filter Include="Headers\Disasm"><UniqueIdentifier>{1a000000-0000-0000-0000-000000000007}</UniqueIdentifier></Filter>
    <Filter Include="Headers\Tabs"><UniqueIdentifier>{1a000000-0000-0000-0000-000000000008}</UniqueIdentifier></Filter>
    <Filter Include="Source\Ui"><UniqueIdentifier>{1a000000-0000-0000-0000-000000000009}</UniqueIdentifier></Filter>
    <Filter Include="Headers\Ui"><UniqueIdentifier>{1a000000-0000-0000-0000-00000000000a}</UniqueIdentifier></Filter>
    <Filter Include="Resources"><UniqueIdentifier>{1a000000-0000-0000-0000-00000000000d}</UniqueIdentifier></Filter>
  </ItemGroup>
  <ItemGroup>
    <ClCompile Include="src\main.cpp"><Filter>Source</Filter></ClCompile>
    <ClCompile Include="src\App.cpp"><Filter>Source</Filter></ClCompile>
    <ClCompile Include="src\Ui\Theme.cpp"><Filter>Source\Ui</Filter></ClCompile>
    <ClCompile Include="src\Ui\Fonts.cpp"><Filter>Source\Ui</Filter></ClCompile>
    <ClCompile Include="src\Ui\Widgets.cpp"><Filter>Source\Ui</Filter></ClCompile>
    <ClCompile Include="src\Ui\CommandPalette.cpp"><Filter>Source\Ui</Filter></ClCompile>
    <ClCompile Include="src\Core\BinaryFile.cpp"><Filter>Source\Core</Filter></ClCompile>
    <ClCompile Include="src\Core\GameMakerArchive.cpp"><Filter>Source\Core</Filter></ClCompile>
    <ClCompile Include="src\Core\GameMakerDebug.cpp"><Filter>Source\Core</Filter></ClCompile>
    <ClCompile Include="src\Core\GameMakerHelperImage.cpp"><Filter>Source\Core</Filter></ClCompile>
    <ClCompile Include="src\Core\GameMakerInspection.cpp"><Filter>Source\Core</Filter></ClCompile>
    <ClCompile Include="src\Core\GameMakerRunner.cpp"><Filter>Source\Core</Filter></ClCompile>
    <ClCompile Include="src\Core\DebuggerGameMaker.cpp"><Filter>Source\Core</Filter></ClCompile>
    <ClCompile Include="src\Disasm\GmlDisassembler.cpp"><Filter>Source\Disasm</Filter></ClCompile>
    <ClCompile Include="src\Core\ProcessManager.cpp"><Filter>Source\Core</Filter></ClCompile>
    <ClCompile Include="src\Core\ProcessMemorySession.cpp"><Filter>Source\Core</Filter></ClCompile>
    <ClCompile Include="src\Core\FunctionAnalyzer.cpp"><Filter>Source\Core</Filter></ClCompile>
    <ClCompile Include="src\Core\CodeDataClassifier.cpp"><Filter>Source\Core</Filter></ClCompile>
    <ClCompile Include="src\Core\BinaryOverview.cpp"><Filter>Source\Core</Filter></ClCompile>
    <ClCompile Include="src\Tabs\BinaryViewOverview.cpp"><Filter>Source\Tabs</Filter></ClCompile>
    <ClCompile Include="src\Tabs\BinaryViewWorkflow.cpp"><Filter>Source\Tabs</Filter></ClCompile>
    <ClCompile Include="src\Tabs\BinaryViewTypes.cpp"><Filter>Source\Tabs</Filter></ClCompile>
    <ClCompile Include="src\Tabs\BinaryViewGml.cpp"><Filter>Source\Tabs</Filter></ClCompile>
    <ClCompile Include="src\Core\JumpTableResolver.cpp"><Filter>Source\Core</Filter></ClCompile>
    <ClCompile Include="src\Core\FunctionNamer.cpp"><Filter>Source\Core</Filter></ClCompile>
    <ClCompile Include="src\Core\Debugger.cpp"><Filter>Source\Core</Filter></ClCompile>
    <ClCompile Include="src\Core\CFG.cpp"><Filter>Source\Core</Filter></ClCompile>
    <ClCompile Include="src\Core\Cond.cpp"><Filter>Source\Core</Filter></ClCompile>
    <ClCompile Include="src\Core\ConnectionSchema.cpp"><Filter>Source\Core</Filter></ClCompile>
    <ClCompile Include="src\Core\Demangle.cpp"><Filter>Source\Core</Filter></ClCompile>
    <ClCompile Include="src\Core\NetworkEndpoint.cpp"><Filter>Source\Core</Filter></ClCompile>
    <ClCompile Include="src\Core\NetworkApiCatalog.cpp"><Filter>Source\Core</Filter></ClCompile>
    <ClCompile Include="src\Core\ValidationApiCatalog.cpp"><Filter>Source\Core</Filter></ClCompile>
    <ClCompile Include="src\Core\VerificationApiCatalog.cpp"><Filter>Source\Core</Filter></ClCompile>
    <ClCompile Include="src\Core\MachineIdentityApiCatalog.cpp"><Filter>Source\Core</Filter></ClCompile>
    <ClCompile Include="src\Core\AuthorizationTrail.cpp"><Filter>Source\Core</Filter></ClCompile>
    <ClCompile Include="src\Core\AuthorizationPatchAdvisor.cpp"><Filter>Source\Core</Filter></ClCompile>
    <ClCompile Include="src\Core\AuthorizationExperiment.cpp"><Filter>Source\Core</Filter></ClCompile>
    <ClCompile Include="src\Core\AuthorizationFieldAlias.cpp"><Filter>Source\Core</Filter></ClCompile>
    <ClCompile Include="src\Core\CrackmeTriage.cpp"><Filter>Source\Core</Filter></ClCompile>
    <ClCompile Include="src\Core\PersistentStateCatalog.cpp"><Filter>Source\Core</Filter></ClCompile>
    <ClCompile Include="src\Core\AuthorizationAnalysis.cpp"><Filter>Source\Core</Filter></ClCompile>
    <ClCompile Include="src\Core\AuthorizationWatch.cpp"><Filter>Source\Core</Filter></ClCompile>
    <ClCompile Include="src\Core\Json.cpp"><Filter>Source\Core</Filter></ClCompile>
      <ClCompile Include="src\Core\AtomicFile.cpp"><Filter>Source\Core</Filter></ClCompile>
      <ClCompile Include="src\Core\Preferences.cpp"><Filter>Source\Core</Filter></ClCompile>
      <ClCompile Include="src\Core\Project.cpp"><Filter>Source\Core</Filter></ClCompile>
    <ClCompile Include="src\Core\Decompiler.cpp"><Filter>Source\Core</Filter></ClCompile>
    <ClCompile Include="src\Core\CodeExport.cpp"><Filter>Source\Core</Filter></ClCompile>
    <ClCompile Include="src\Core\FirmwareSniffer.cpp"><Filter>Source\Core</Filter></ClCompile>
    <ClCompile Include="src\Core\TraceCoverage.cpp"><Filter>Source\Core</Filter></ClCompile>
    <ClCompile Include="src\Core\DllDebugPlan.cpp"><Filter>Source\Core</Filter></ClCompile>
    <ClCompile Include="src\Core\UnpackEngine.cpp"><Filter>Source\Core</Filter></ClCompile>
    <ClCompile Include="src\Core\PeUnpack.cpp"><Filter>Source\Core</Filter></ClCompile>
    <ClCompile Include="src\Core\StaticUnpack.cpp"><Filter>Source\Core</Filter></ClCompile>
    <ClCompile Include="src\Core\PassiveDump.cpp"><Filter>Source\Core</Filter></ClCompile>
    <ClCompile Include="src\Core\AntiDebug.cpp"><Filter>Source\Core</Filter></ClCompile>
    <ClCompile Include="src\Core\MemoryScan.cpp"><Filter>Source\Core</Filter></ClCompile>
    <ClCompile Include="src\Core\MemoryPointer.cpp"><Filter>Source\Core</Filter></ClCompile>
    <ClCompile Include="src\Core\MemoryTable.cpp"><Filter>Source\Core</Filter></ClCompile>
    <ClCompile Include="src\Core\TechScan.cpp"><Filter>Source\Core</Filter></ClCompile>
    <ClCompile Include="src\Core\FuncAnnotate.cpp"><Filter>Source\Core</Filter></ClCompile>
    <ClCompile Include="src\Core\GameContext.cpp"><Filter>Source\Core</Filter></ClCompile>
    <ClCompile Include="src\Core\JvmAnnotate.cpp"><Filter>Source\Core</Filter></ClCompile>
    <ClCompile Include="src\Core\XrefIndex.cpp"><Filter>Source\Core</Filter></ClCompile>
    <ClCompile Include="src\Core\AnalysisCache.cpp"><Filter>Source\Core</Filter></ClCompile>
    <ClCompile Include="src\Core\DocumentContext.cpp"><Filter>Source\Core</Filter></ClCompile>
    <ClCompile Include="src\Core\ModuleRegistry.cpp"><Filter>Source\Core</Filter></ClCompile>
    <ClCompile Include="src\Core\InvestigationIndex.cpp"><Filter>Source\Core</Filter></ClCompile>
    <ClCompile Include="src\Core\InvestigationService.cpp"><Filter>Source\Core</Filter></ClCompile>
    <ClCompile Include="src\Core\AddressInspector.cpp"><Filter>Source\Core</Filter></ClCompile>
    <ClCompile Include="src\Core\Report.cpp"><Filter>Source\Core</Filter></ClCompile>
    <ClCompile Include="src\Core\Cortex.cpp"><Filter>Source\Core</Filter></ClCompile>
    <ClCompile Include="src\Core\Prism.cpp"><Filter>Source\Core</Filter></ClCompile>
    <ClCompile Include="src\Core\PrismSampler.cpp"><Filter>Source\Core</Filter></ClCompile>
    <ClCompile Include="src\Core\SemanticDiff.cpp"><Filter>Source\Core</Filter></ClCompile>
    <ClCompile Include="src\Core\SemanticDiffBinary.cpp"><Filter>Source\Core</Filter></ClCompile>
    <ClCompile Include="src\Core\SemanticTransfer.cpp"><Filter>Source\Core</Filter></ClCompile>
    <ClCompile Include="src\Core\SymbolService.cpp"><Filter>Source\Core</Filter></ClCompile>
    <ClCompile Include="src\Disasm\ZydisDisassembler.cpp"><Filter>Source\Disasm</Filter></ClCompile>
    <ClCompile Include="src\Disasm\CapstoneDisassembler.cpp"><Filter>Source\Disasm</Filter></ClCompile>
    <ClCompile Include="src\Disasm\DisassemblerFactory.cpp"><Filter>Source\Disasm</Filter></ClCompile>
    <ClCompile Include="src\Tabs\ProjectsTab.cpp"><Filter>Source\Tabs</Filter></ClCompile>
    <ClCompile Include="src\Tabs\CommunicationsTab.cpp"><Filter>Source\Tabs</Filter></ClCompile>
    <ClCompile Include="src\Tabs\SigScannerTab.cpp"><Filter>Source\Tabs</Filter></ClCompile>
    <ClCompile Include="src\Tabs\BinaryViewTab.cpp"><Filter>Source\Tabs</Filter></ClCompile>
    <ClCompile Include="src\Tabs\BinaryViewHostTab.cpp"><Filter>Source\Tabs</Filter></ClCompile>
    <ClCompile Include="src\Tabs\MemoryToolsTab.cpp"><Filter>Source\Tabs</Filter></ClCompile>
    <ClCompile Include="src\Tabs\BinaryDiffTab.cpp"><Filter>Source\Tabs</Filter></ClCompile>
    <ClCompile Include="src\Tabs\BinaryTechTab.cpp"><Filter>Source\Tabs</Filter></ClCompile>
    <ClCompile Include="src\Tabs\CortexTab.cpp"><Filter>Source\Tabs</Filter></ClCompile>
    <ClCompile Include="src\Tabs\PrismTab.cpp"><Filter>Source\Tabs</Filter></ClCompile>
  </ItemGroup>
  <ItemGroup>
    <ResourceCompile Include="src\app.rc"><Filter>Resources</Filter></ResourceCompile>
  </ItemGroup>
  <ItemGroup>
    <Image Include="src\app.ico"><Filter>Resources</Filter></Image>
  </ItemGroup>
  <ItemGroup>
    <ClInclude Include="src\resource.h"><Filter>Resources</Filter></ClInclude>
    <ClInclude Include="src\App.h"><Filter>Headers</Filter></ClInclude>
    <ClInclude Include="src\Ui\Theme.h"><Filter>Headers\Ui</Filter></ClInclude>
    <ClInclude Include="src\Ui\Fonts.h"><Filter>Headers\Ui</Filter></ClInclude>
    <ClInclude Include="src\Ui\Splitter.h"><Filter>Headers\Ui</Filter></ClInclude>
    <ClInclude Include="src\Ui\Icons.h"><Filter>Headers\Ui</Filter></ClInclude>
    <ClInclude Include="src\Ui\Widgets.h"><Filter>Headers\Ui</Filter></ClInclude>
    <ClInclude Include="src\Ui\GraphViewport.h"><Filter>Headers\Ui</Filter></ClInclude>
    <ClInclude Include="src\Ui\CommandPalette.h"><Filter>Headers\Ui</Filter></ClInclude>
    <ClInclude Include="src\Core\Fuzzy.h"><Filter>Headers\Core</Filter></ClInclude>
    <ClInclude Include="src\Core\AddressSpan.h"><Filter>Headers\Core</Filter></ClInclude>
    <ClInclude Include="src\Core\AttachImagePolicy.h"><Filter>Headers\Core</Filter></ClInclude>
    <ClInclude Include="src\Core\AddressInspector.h"><Filter>Headers\Core</Filter></ClInclude>
    <ClInclude Include="src\Core\BinaryFile.h"><Filter>Headers\Core</Filter></ClInclude>
    <ClInclude Include="src\Core\GameMakerArchive.h"><Filter>Headers\Core</Filter></ClInclude>
    <ClInclude Include="src\Core\GameMakerDebug.h"><Filter>Headers\Core</Filter></ClInclude>
    <ClInclude Include="src\Core\GameMakerDebugProtocol.h"><Filter>Headers\Core</Filter></ClInclude>
    <ClInclude Include="src\Core\GameMakerHelperImage.h"><Filter>Headers\Core</Filter></ClInclude>
    <ClInclude Include="src\Core\GameMakerHookMutation.h"><Filter>Headers\Core</Filter></ClInclude>
    <ClInclude Include="src\Core\GameMakerInspection.h"><Filter>Headers\Core</Filter></ClInclude>
    <ClInclude Include="src\Core\GameMakerRunner.h"><Filter>Headers\Core</Filter></ClInclude>
    <ClInclude Include="src\Core\GameMakerSession.h"><Filter>Headers\Core</Filter></ClInclude>
    <ClInclude Include="src\Disasm\GmlDisassembler.h"><Filter>Headers\Disasm</Filter></ClInclude>
    <ClInclude Include="src\Core\Debugger.h"><Filter>Headers\Core</Filter></ClInclude>
    <ClInclude Include="src\Core\RegisterEdit.h"><Filter>Headers\Core</Filter></ClInclude>
    <ClInclude Include="src\Core\DebugTargetIdentity.h"><Filter>Headers\Core</Filter></ClInclude>
    <ClInclude Include="src\Core\CFG.h"><Filter>Headers\Core</Filter></ClInclude>
    <ClInclude Include="src\Core\Cond.h"><Filter>Headers\Core</Filter></ClInclude>
    <ClInclude Include="src\Core\ConnectionSchema.h"><Filter>Headers\Core</Filter></ClInclude>
    <ClInclude Include="src\Core\Demangle.h"><Filter>Headers\Core</Filter></ClInclude>
    <ClInclude Include="src\Core\NetworkEndpoint.h"><Filter>Headers\Core</Filter></ClInclude>
    <ClInclude Include="src\Core\NetworkApiCatalog.h"><Filter>Headers\Core</Filter></ClInclude>
    <ClInclude Include="src\Core\ValidationApiCatalog.h"><Filter>Headers\Core</Filter></ClInclude>
    <ClInclude Include="src\Core\VerificationApiCatalog.h"><Filter>Headers\Core</Filter></ClInclude>
    <ClInclude Include="src\Core\MachineIdentityApiCatalog.h"><Filter>Headers\Core</Filter></ClInclude>
    <ClInclude Include="src\Core\AuthorizationTrail.h"><Filter>Headers\Core</Filter></ClInclude>
    <ClInclude Include="src\Core\AuthorizationPatchAdvisor.h"><Filter>Headers\Core</Filter></ClInclude>
    <ClInclude Include="src\Core\AuthorizationExperiment.h"><Filter>Headers\Core</Filter></ClInclude>
    <ClInclude Include="src\Core\AuthorizationFieldAlias.h"><Filter>Headers\Core</Filter></ClInclude>
    <ClInclude Include="src\Core\PatchSet.h"><Filter>Headers\Core</Filter></ClInclude>
    <ClInclude Include="src\Core\CrackmeTriage.h"><Filter>Headers\Core</Filter></ClInclude>
    <ClInclude Include="src\Core\PersistentStateCatalog.h"><Filter>Headers\Core</Filter></ClInclude>
    <ClInclude Include="src\Core\AuthorizationAnalysis.h"><Filter>Headers\Core</Filter></ClInclude>
    <ClInclude Include="src\Core\AuthorizationWatch.h"><Filter>Headers\Core</Filter></ClInclude>
    <ClInclude Include="src\Core\CodeByteSignature.h"><Filter>Headers\Core</Filter></ClInclude>
    <ClInclude Include="src\Core\CodeByteSignatureBuilder.h"><Filter>Headers\Core</Filter></ClInclude>
    <ClInclude Include="src\Core\NetworkObservation.h"><Filter>Headers\Core</Filter></ClInclude>
    <ClInclude Include="src\Core\Json.h"><Filter>Headers\Core</Filter></ClInclude>
      <ClInclude Include="src\Core\AtomicFile.h"><Filter>Headers\Core</Filter></ClInclude>
      <ClInclude Include="src\Core\Preferences.h"><Filter>Headers\Core</Filter></ClInclude>
      <ClInclude Include="src\Core\Project.h"><Filter>Headers\Core</Filter></ClInclude>
      <ClInclude Include="src\Core\TypeSystem.h"><Filter>Headers\Core</Filter></ClInclude>
      <ClInclude Include="src\Core\InstructionSemantics.h"><Filter>Headers\Core</Filter></ClInclude>
      <ClInclude Include="src\Core\PatchedImage.h"><Filter>Headers\Core</Filter></ClInclude>
      <ClInclude Include="src\Core\PatchRefresh.h"><Filter>Headers\Core</Filter></ClInclude>
      <ClInclude Include="src\Core\LivePatchOriginal.h"><Filter>Headers\Core</Filter></ClInclude>
    <ClInclude Include="src\Core\Decompiler.h"><Filter>Headers\Core</Filter></ClInclude>
    <ClInclude Include="src\Core\CodeExport.h"><Filter>Headers\Core</Filter></ClInclude>
    <ClInclude Include="src\Core\FirmwareSniffer.h"><Filter>Headers\Core</Filter></ClInclude>
    <ClInclude Include="src\Core\TraceCoverage.h"><Filter>Headers\Core</Filter></ClInclude>
    <ClInclude Include="src\Core\DllDebugPlan.h"><Filter>Headers\Core</Filter></ClInclude>
    <ClInclude Include="src\Core\UnpackEngine.h"><Filter>Headers\Core</Filter></ClInclude>
    <ClInclude Include="src\Core\PeUnpack.h"><Filter>Headers\Core</Filter></ClInclude>
    <ClInclude Include="src\Core\StaticUnpack.h"><Filter>Headers\Core</Filter></ClInclude>
    <ClInclude Include="src\Core\PassiveDump.h"><Filter>Headers\Core</Filter></ClInclude>
    <ClInclude Include="src\Core\AntiDebug.h"><Filter>Headers\Core</Filter></ClInclude>
    <ClInclude Include="src\Core\MemoryScan.h"><Filter>Headers\Core</Filter></ClInclude>
    <ClInclude Include="src\Core\MemoryPointer.h"><Filter>Headers\Core</Filter></ClInclude>
    <ClInclude Include="src\Core\MemoryTable.h"><Filter>Headers\Core</Filter></ClInclude>
    <ClInclude Include="src\Core\TechScan.h"><Filter>Headers\Core</Filter></ClInclude>
    <ClInclude Include="src\Core\FuncAnnotate.h"><Filter>Headers\Core</Filter></ClInclude>
    <ClInclude Include="src\Core\GameContext.h"><Filter>Headers\Core</Filter></ClInclude>
    <ClInclude Include="src\Core\ApiInfo.h"><Filter>Headers\Core</Filter></ClInclude>
    <ClInclude Include="src\Core\ApiDatabase.h"><Filter>Headers\Core</Filter></ClInclude>
    <ClInclude Include="src\Core\JvmAnnotate.h"><Filter>Headers\Core</Filter></ClInclude>
    <ClInclude Include="src\Core\XrefIndex.h"><Filter>Headers\Core</Filter></ClInclude>
    <ClInclude Include="src\Core\AnalysisCache.h"><Filter>Headers\Core</Filter></ClInclude>
    <ClInclude Include="src\Core\DocumentContext.h"><Filter>Headers\Core</Filter></ClInclude>
    <ClInclude Include="src\Core\DocumentResultIdentity.h"><Filter>Headers\Core</Filter></ClInclude>
    <ClInclude Include="src\Core\InvestigationIndex.h"><Filter>Headers\Core</Filter></ClInclude>
    <ClInclude Include="src\Core\InvestigationService.h"><Filter>Headers\Core</Filter></ClInclude>
    <ClInclude Include="src\Core\ListingVirtualIndex.h"><Filter>Headers\Core</Filter></ClInclude>
    <ClInclude Include="src\Core\Report.h"><Filter>Headers\Core</Filter></ClInclude>
    <ClInclude Include="src\Core\Cortex.h"><Filter>Headers\Core</Filter></ClInclude>
    <ClInclude Include="src\Core\Prism.h"><Filter>Headers\Core</Filter></ClInclude>
    <ClInclude Include="src\Core\PrismSampler.h"><Filter>Headers\Core</Filter></ClInclude>
    <ClInclude Include="src\Core\SemanticDiff.h"><Filter>Headers\Core</Filter></ClInclude>
    <ClInclude Include="src\Core\SemanticDiffBinary.h"><Filter>Headers\Core</Filter></ClInclude>
    <ClInclude Include="src\Core\SemanticTransfer.h"><Filter>Headers\Core</Filter></ClInclude>
    <ClInclude Include="src\Core\SymbolService.h"><Filter>Headers\Core</Filter></ClInclude>
    <ClInclude Include="src\Tabs\DataRef.h"><Filter>Headers\Tabs</Filter></ClInclude>
    <ClInclude Include="src\Core\StepLogic.h"><Filter>Headers\Core</Filter></ClInclude>
    <ClInclude Include="src\Core\ProcessManager.h"><Filter>Headers\Core</Filter></ClInclude>
    <ClInclude Include="src\Core\ProcessMemorySession.h"><Filter>Headers\Core</Filter></ClInclude>
    <ClInclude Include="src\Core\FunctionAnalyzer.h"><Filter>Headers\Core</Filter></ClInclude>
    <ClInclude Include="src\Core\CodeDataClassifier.h"><Filter>Headers\Core</Filter></ClInclude>
    <ClInclude Include="src\Core\InstructionReference.h"><Filter>Headers\Core</Filter></ClInclude>
    <ClInclude Include="src\Core\BinaryOverview.h"><Filter>Headers\Core</Filter></ClInclude>
    <ClInclude Include="src\Core\JumpTableResolver.h"><Filter>Headers\Core</Filter></ClInclude>
    <ClInclude Include="src\Core\FunctionNamer.h"><Filter>Headers\Core</Filter></ClInclude>
    <ClInclude Include="src\Core\FunctionFilter.h"><Filter>Headers\Core</Filter></ClInclude>
    <ClInclude Include="src\Disasm\IDisassembler.h"><Filter>Headers\Disasm</Filter></ClInclude>
    <ClInclude Include="src\Disasm\ZydisDisassembler.h"><Filter>Headers\Disasm</Filter></ClInclude>
    <ClInclude Include="src\Disasm\CapstoneDisassembler.h"><Filter>Headers\Disasm</Filter></ClInclude>
    <ClInclude Include="src\Disasm\DisassemblerFactory.h"><Filter>Headers\Disasm</Filter></ClInclude>
    <ClInclude Include="src\Tabs\ITab.h"><Filter>Headers\Tabs</Filter></ClInclude>
    <ClInclude Include="src\Tabs\ProjectsTab.h"><Filter>Headers\Tabs</Filter></ClInclude>
    <ClInclude Include="src\Tabs\CommunicationsTab.h"><Filter>Headers\Tabs</Filter></ClInclude>
    <ClInclude Include="src\Tabs\SigScannerTab.h"><Filter>Headers\Tabs</Filter></ClInclude>
    <ClInclude Include="src\Tabs\BinaryViewTab.h"><Filter>Headers\Tabs</Filter></ClInclude>
    <ClInclude Include="src\Tabs\BinaryViewHostTab.h"><Filter>Headers\Tabs</Filter></ClInclude>
    <ClInclude Include="src\Tabs\MemoryToolsTab.h"><Filter>Headers\Tabs</Filter></ClInclude>
    <ClInclude Include="src\Tabs\BinaryDiffTab.h"><Filter>Headers\Tabs</Filter></ClInclude>
    <ClInclude Include="src\Tabs\BinaryTechTab.h"><Filter>Headers\Tabs</Filter></ClInclude>
    <ClInclude Include="src\Tabs\CortexTab.h"><Filter>Headers\Tabs</Filter></ClInclude>
    <ClInclude Include="src\Tabs\PrismTab.h"><Filter>Headers\Tabs</Filter></ClInclude>
  </ItemGroup>
  <ItemGroup>
    <None Include="vcpkg-configuration.json" />
    <None Include="triplets\x64-windows-static.cmake" />
  </ItemGroup>
</Project>
